
Microsoft Visual Studio Solution File, Format Version 12.00
Project("{2150E333-8FDC-42A3-9474-1A3956D46DE8}") = "Libraries", "Libraries", "{E29EDFA7-DCFD-4FDC-8FBC-7C284AC9D73B}"
EndProject
Project("{2150E333-8FDC-42A3-9474-1A3956D46DE8}") = "PasswordGenerator", "PasswordGenerator", "{7486C550-18F6-4DD8-8E96-0BD7D87F367E}"
EndProject
Project("{FAE04EC0-301F-11D3-BF4B-00C04F79EFBC}") = "PasswordGenerator", "PasswordGenerator\PasswordGenerator.csproj", "{C8FF5D21-F9A2-4736-8122-77A50DEBF13A}"
EndProject
Project("{FAE04EC0-301F-11D3-BF4B-00C04F79EFBC}") = "Tests", "Tests\Tests.csproj", "{2820C12D-B352-401D-8D3F-86A934FA6328}"
EndProject
Project("{FAE04EC0-301F-11D3-BF4B-00C04F79EFBC}") = "ConsoleSample", "ConsoleSample\ConsoleSample.csproj", "{5976F7F4-3515-4799-A6B4-DCD9954EB293}"
EndProject
Global
	GlobalSection(SolutionConfigurationPlatforms) = preSolution
		Debug|Any CPU = Debug|Any CPU
		Release|Any CPU = Release|Any CPU
	EndGlobalSection
	GlobalSection(NestedProjects) = preSolution
		{7486C550-18F6-4DD8-8E96-0BD7D87F367E} = {E29EDFA7-DCFD-4FDC-8FBC-7C284AC9D73B}
		{C8FF5D21-F9A2-4736-8122-77A50DEBF13A} = {7486C550-18F6-4DD8-8E96-0BD7D87F367E}
		{2820C12D-B352-401D-8D3F-86A934FA6328} = {7486C550-18F6-4DD8-8E96-0BD7D87F367E}
		{5976F7F4-3515-4799-A6B4-DCD9954EB293} = {7486C550-18F6-4DD8-8E96-0BD7D87F367E}
	EndGlobalSection
	GlobalSection(ProjectConfigurationPlatforms) = postSolution
		{C8FF5D21-F9A2-4736-8122-77A50DEBF13A}.Debug|Any CPU.ActiveCfg = Debug|Any CPU
		{C8FF5D21-F9A2-4736-8122-77A50DEBF13A}.Debug|Any CPU.Build.0 = Debug|Any CPU
		{C8FF5D21-F9A2-4736-8122-77A50DEBF13A}.Release|Any CPU.ActiveCfg = Release|Any CPU
		{C8FF5D21-F9A2-4736-8122-77A50DEBF13A}.Release|Any CPU.Build.0 = Release|Any CPU
		{2820C12D-B352-401D-8D3F-86A934FA6328}.Debug|Any CPU.ActiveCfg = Debug|Any CPU
		{2820C12D-B352-401D-8D3F-86A934FA6328}.Debug|Any CPU.Build.0 = Debug|Any CPU
		{2820C12D-B352-401D-8D3F-86A934FA6328}.Release|Any CPU.ActiveCfg = Release|Any CPU
		{2820C12D-B352-401D-8D3F-86A934FA6328}.Release|Any CPU.Build.0 = Release|Any CPU
		{5976F7F4-3515-4799-A6B4-DCD9954EB293}.Debug|Any CPU.ActiveCfg = Debug|Any CPU
		{5976F7F4-3515-4799-A6B4-DCD9954EB293}.Debug|Any CPU.Build.0 = Debug|Any CPU
		{5976F7F4-3515-4799-A6B4-DCD9954EB293}.Release|Any CPU.ActiveCfg = Release|Any CPU
		{5976F7F4-3515-4799-A6B4-DCD9954EB293}.Release|Any CPU.Build.0 = Release|Any CPU
	EndGlobalSection
EndGlobal
